
Microsoft Visual Studio Solution File, Format Version 12.00
# Visual Studio 15
VisualStudioVersion = 15.0.27703.2000
MinimumVisualStudioVersion = 10.0.40219.1
Project("{E24C65DC-7377-472B-9ABA-BC803B73C61A}") = "CCGridandFlexBridgeProject", "CCGridandFlexBridgeProject\", "{3A800601-B1BC-415A-82BD-9B2DA125C960}"
	ProjectSection(WebsiteProperties) = preProject
		TargetFrameworkMoniker = ".NETFramework,Version%3Dv4.6.1"
		Debug.AspNetCompiler.VirtualPath = "/localhost_53934"
		Debug.AspNetCompiler.PhysicalPath = "CCGridandFlexBridgeProject\"
		Debug.AspNetCompiler.TargetPath = "PrecompiledWeb\localhost_53934\"
		Debug.AspNetCompiler.Updateable = "true"
		Debug.AspNetCompiler.ForceOverwrite = "true"
		Debug.AspNetCompiler.FixedNames = "false"
		Debug.AspNetCompiler.Debug = "True"
		Release.AspNetCompiler.VirtualPath = "/localhost_53934"
		Release.AspNetCompiler.PhysicalPath = "CCGridandFlexBridgeProject\"
		Release.AspNetCompiler.TargetPath = "PrecompiledWeb\localhost_53934\"
		Release.AspNetCompiler.Updateable = "true"
		Release.AspNetCompiler.ForceOverwrite = "true"
		Release.AspNetCompiler.FixedNames = "false"
		Release.AspNetCompiler.Debug = "False"
		VWDPort = "53934"
		SlnRelativePath = "CCGridandFlexBridgeProject\"
		DefaultWebSiteLanguage = "Visual C#"
	EndProjectSection
EndProject
Global
	GlobalSection(SolutionConfigurationPlatforms) = preSolution
		Debug|Any CPU = Debug|Any CPU
	EndGlobalSection
	GlobalSection(ProjectConfigurationPlatforms) = postSolution
		{3A800601-B1BC-415A-82BD-9B2DA125C960}.Debug|Any CPU.ActiveCfg = Debug|Any CPU
		{3A800601-B1BC-415A-82BD-9B2DA125C960}.Debug|Any CPU.Build.0 = Debug|Any CPU
	EndGlobalSection
	GlobalSection(SolutionProperties) = preSolution
		HideSolutionNode = FALSE
	EndGlobalSection
	GlobalSection(ExtensibilityGlobals) = postSolution
		SolutionGuid = {EB8FD45A-8090-48C1-A58E-54D97C5BFD22}
	EndGlobalSection
EndGlobal
